// !$*UTF8*$!
{
	archiveVersion = 1;
	classes = {
	};
	objectVersion = 56;
	objects = {

/* Begin PBXBuildFile section */
		F611EF8E2AB701B70061496D /* YourGifCollectionViewItem.xib in Resources */ = {isa = PBXBuildFile; fileRef = F611EF8D2AB701B70061496D /* YourGifCollectionViewItem.xib */; };
		F611EF942AB74BB50061496D /* Media.xcassets in Resources */ = {isa = PBXBuildFile; fileRef = F611EF932AB74BB50061496D /* Media.xcassets */; };
		F6E2AA352AB624C800FF95F5 /* GIFMailSixApp.swift in Sources */ = {isa = PBXBuildFile; fileRef = F6E2AA342AB624C800FF95F5 /* GIFMailSixApp.swift */; };
		F6E2AA372AB624C800FF95F5 /* ContentView.swift in Sources */ = {isa = PBXBuildFile; fileRef = F6E2AA362AB624C800FF95F5 /* ContentView.swift */; };
		F6E2AA392AB624C900FF95F5 /* Assets.xcassets in Resources */ = {isa = PBXBuildFile; fileRef = F6E2AA382AB624C900FF95F5 /* Assets.xcassets */; };
		F6E2AA3C2AB624C900FF95F5 /* Preview Assets.xcassets in Resources */ = {isa = PBXBuildFile; fileRef = F6E2AA3B2AB624C900FF95F5 /* Preview Assets.xcassets */; };
		F6E2AA5D2AB625A900FF95F5 /* MailExtension.swift in Sources */ = {isa = PBXBuildFile; fileRef = F6E2AA5C2AB625A900FF95F5 /* MailExtension.swift */; };
		F6E2AA5F2AB625A900FF95F5 /* ComposeSessionHandler.swift in Sources */ = {isa = PBXBuildFile; fileRef = F6E2AA5E2AB625A900FF95F5 /* ComposeSessionHandler.swift */; };
		F6E2AA612AB625A900FF95F5 /* ComposeSessionViewController.swift in Sources */ = {isa = PBXBuildFile; fileRef = F6E2AA602AB625A900FF95F5 /* ComposeSessionViewController.swift */; };
		F6E2AA632AB625A900FF95F5 /* ComposeSessionViewController.xib in Resources */ = {isa = PBXBuildFile; fileRef = F6E2AA622AB625A900FF95F5 /* ComposeSessionViewController.xib */; };
		F6E2AA682AB625A900FF95F5 /* GIFMailSixExtension.appex in Embed Foundation Extensions */ = {isa = PBXBuildFile; fileRef = F6E2AA5A2AB625A900FF95F5 /* GIFMailSixExtension.appex */; settings = {ATTRIBUTES = (RemoveHeadersOnCopy, ); }; };
		F6E2AA6D2AB626FF00FF95F5 /* APIClient.swift in Sources */ = {isa = PBXBuildFile; fileRef = F6E2AA6C2AB626FF00FF95F5 /* APIClient.swift */; };
		F6E2AA6F2AB6275900FF95F5 /* YourGifCollectionViewItem.swift in Sources */ = {isa = PBXBuildFile; fileRef = F6E2AA6E2AB6275900FF95F5 /* YourGifCollectionViewItem.swift */; };
/* End PBXBuildFile section */

/* Begin PBXContainerItemProxy section */
		F6E2AA662AB625A900FF95F5 /* PBXContainerItemProxy */ = {
			isa = PBXContainerItemProxy;
			containerPortal = F6E2AA292AB624C800FF95F5 /* Project object */;
			proxyType = 1;
			remoteGlobalIDString = F6E2AA592AB625A900FF95F5;
			remoteInfo = GIFMailSixExtension;
		};
/* End PBXContainerItemProxy section */

/* Begin PBXCopyFilesBuildPhase section */
		F6E2AA532AB6254200FF95F5 /* Embed Foundation Extensions */ = {
			isa = PBXCopyFilesBuildPhase;
			buildActionMask = 2147483647;
			dstPath = "";
			dstSubfolderSpec = 13;
			files = (
				F6E2AA682AB625A900FF95F5 /* GIFMailSixExtension.appex in Embed Foundation Extensions */,
			);
			name = "Embed Foundation Extensions";
			runOnlyForDeploymentPostprocessing = 0;
		};
/* End PBXCopyFilesBuildPhase section */

/* Begin PBXFileReference section */
		F611EF8D2AB701B70061496D /* YourGifCollectionViewItem.xib */ = {isa = PBXFileReference; lastKnownFileType = file.xib; path = YourGifCollectionViewItem.xib; sourceTree = "<group>"; };
		F611EF932AB74BB50061496D /* Media.xcassets */ = {isa = PBXFileReference; lastKnownFileType = folder.assetcatalog; path = Media.xcassets; sourceTree = "<group>"; };
		F6E2AA312AB624C800FF95F5 /* GIFMailSix.app */ = {isa = PBXFileReference; explicitFileType = wrapper.application; includeInIndex = 0; path = GIFMailSix.app; sourceTree = BUILT_PRODUCTS_DIR; };
		F6E2AA342AB624C800FF95F5 /* GIFMailSixApp.swift */ = {isa = PBXFileReference; lastKnownFileType = sourcecode.swift; path = GIFMailSixApp.swift; sourceTree = "<group>"; };
		F6E2AA362AB624C800FF95F5 /* ContentView.swift */ = {isa = PBXFileReference; lastKnownFileType = sourcecode.swift; path = ContentView.swift; sourceTree = "<group>"; };
		F6E2AA382AB624C900FF95F5 /* Assets.xcassets */ = {isa = PBXFileReference; lastKnownFileType = folder.assetcatalog; path = Assets.xcassets; sourceTree = "<group>"; };
		F6E2AA3B2AB624C900FF95F5 /* Preview Assets.xcassets */ = {isa = PBXFileReference; lastKnownFileType = folder.assetcatalog; path = "Preview Assets.xcassets"; sourceTree = "<group>"; };
		F6E2AA3D2AB624C900FF95F5 /* GIFMailSix.entitlements */ = {isa = PBXFileReference; lastKnownFileType = text.plist.entitlements; path = GIFMailSix.entitlements; sourceTree = "<group>"; };
		F6E2AA5A2AB625A900FF95F5 /* GIFMailSixExtension.appex */ = {isa = PBXFileReference; explicitFileType = "wrapper.app-extension"; includeInIndex = 0; path = GIFMailSixExtension.appex; sourceTree = BUILT_PRODUCTS_DIR; };
		F6E2AA5C2AB625A900FF95F5 /* MailExtension.swift */ = {isa = PBXFileReference; lastKnownFileType = sourcecode.swift; path = MailExtension.swift; sourceTree = "<group>"; };
		F6E2AA5E2AB625A900FF95F5 /* ComposeSessionHandler.swift */ = {isa = PBXFileReference; lastKnownFileType = sourcecode.swift; path = ComposeSessionHandler.swift; sourceTree = "<group>"; };
		F6E2AA602AB625A900FF95F5 /* ComposeSessionViewController.swift */ = {isa = PBXFileReference; lastKnownFileType = sourcecode.swift; path = ComposeSessionViewController.swift; sourceTree = "<group>"; };
		F6E2AA622AB625A900FF95F5 /* ComposeSessionViewController.xib */ = {isa = PBXFileReference; lastKnownFileType = file.xib; path = ComposeSessionViewController.xib; sourceTree = "<group>"; };
		F6E2AA642AB625A900FF95F5 /* Info.plist */ = {isa = PBXFileReference; lastKnownFileType = text.plist.xml; path = Info.plist; sourceTree = "<group>"; };
		F6E2AA652AB625A900FF95F5 /* GIFMailSixExtension.entitlements */ = {isa = PBXFileReference; lastKnownFileType = text.plist.entitlements; path = GIFMailSixExtension.entitlements; sourceTree = "<group>"; };
		F6E2AA6C2AB626FF00FF95F5 /* APIClient.swift */ = {isa = PBXFileReference; lastKnownFileType = sourcecode.swift; path = APIClient.swift; sourceTree = "<group>"; };
		F6E2AA6E2AB6275900FF95F5 /* YourGifCollectionViewItem.swift */ = {isa = PBXFileReference; lastKnownFileType = sourcecode.swift; path = YourGifCollectionViewItem.swift; sourceTree = "<group>"; };
/* End PBXFileReference section */

/* Begin PBXFrameworksBuildPhase section */
		F6E2AA2E2AB624C800FF95F5 /* Frameworks */ = {
			isa = PBXFrameworksBuildPhase;
			buildActionMask = 2147483647;
			files = (
			);
			runOnlyForDeploymentPostprocessing = 0;
		};
		F6E2AA572AB625A900FF95F5 /* Frameworks */ = {
			isa = PBXFrameworksBuildPhase;
			buildActionMask = 2147483647;
			files = (
			);
			runOnlyForDeploymentPostprocessing = 0;
		};
/* End PBXFrameworksBuildPhase section */

/* Begin PBXGroup section */
		F6E2AA282AB624C800FF95F5 = {
			isa = PBXGroup;
			children = (
				F6E2AA332AB624C800FF95F5 /* GIFMailSix */,
				F6E2AA5B2AB625A900FF95F5 /* GIFMailSixExtension */,
				F6E2AA322AB624C800FF95F5 /* Products */,
			);
			sourceTree = "<group>";
		};
		F6E2AA322AB624C800FF95F5 /* Products */ = {
			isa = PBXGroup;
			children = (
				F6E2AA312AB624C800FF95F5 /* GIFMailSix.app */,
				F6E2AA5A2AB625A900FF95F5 /* GIFMailSixExtension.appex */,
			);
			name = Products;
			sourceTree = "<group>";
		};
		F6E2AA332AB624C800FF95F5 /* GIFMailSix */ = {
			isa = PBXGroup;
			children = (
				F6E2AA342AB624C800FF95F5 /* GIFMailSixApp.swift */,
				F6E2AA362AB624C800FF95F5 /* ContentView.swift */,
				F6E2AA382AB624C900FF95F5 /* Assets.xcassets */,
				F6E2AA3D2AB624C900FF95F5 /* GIFMailSix.entitlements */,
				F6E2AA3A2AB624C900FF95F5 /* Preview Content */,
			);
			path = GIFMailSix;
			sourceTree = "<group>";
		};
		F6E2AA3A2AB624C900FF95F5 /* Preview Content */ = {
			isa = PBXGroup;
			children = (
				F6E2AA3B2AB624C900FF95F5 /* Preview Assets.xcassets */,
			);
			path = "Preview Content";
			sourceTree = "<group>";
		};
		F6E2AA5B2AB625A900FF95F5 /* GIFMailSixExtension */ = {
			isa = PBXGroup;
			children = (
				F6E2AA6C2AB626FF00FF95F5 /* APIClient.swift */,
				F6E2AA5C2AB625A900FF95F5 /* MailExtension.swift */,
				F6E2AA5E2AB625A900FF95F5 /* ComposeSessionHandler.swift */,
				F6E2AA6E2AB6275900FF95F5 /* YourGifCollectionViewItem.swift */,
				F611EF8D2AB701B70061496D /* YourGifCollectionViewItem.xib */,
				F6E2AA602AB625A900FF95F5 /* ComposeSessionViewController.swift */,
				F6E2AA622AB625A900FF95F5 /* ComposeSessionViewController.xib */,
				F6E2AA642AB625A900FF95F5 /* Info.plist */,
				F6E2AA652AB625A900FF95F5 /* GIFMailSixExtension.entitlements */,
				F611EF932AB74BB50061496D /* Media.xcassets */,
			);
			path = GIFMailSixExtension;
			sourceTree = "<group>";
		};
/* End PBXGroup section */

/* Begin PBXNativeTarget section */
		F6E2AA302AB624C800FF95F5 /* GIFMailSix */ = {
			isa = PBXNativeTarget;
			buildConfigurationList = F6E2AA402AB624C900FF95F5 /* Build configuration list for PBXNativeTarget "GIFMailSix" */;
			buildPhases = (
				F6E2AA2D2AB624C800FF95F5 /* Sources */,
				F6E2AA2E2AB624C800FF95F5 /* Frameworks */,
				F6E2AA2F2AB624C800FF95F5 /* Resources */,
				F6E2AA532AB6254200FF95F5 /* Embed Foundation Extensions */,
			);
			buildRules = (
			);
			dependencies = (
				F6E2AA672AB625A900FF95F5 /* PBXTargetDependency */,
			);
			name = GIFMailSix;
			productName = GIFMailSix;
			productReference = F6E2AA312AB624C800FF95F5 /* GIFMailSix.app */;
			productType = "com.apple.product-type.application";
		};
		F6E2AA592AB625A900FF95F5 /* GIFMailSixExtension */ = {
			isa = PBXNativeTarget;
			buildConfigurationList = F6E2AA692AB625A900FF95F5 /* Build configuration list for PBXNativeTarget "GIFMailSixExtension" */;
			buildPhases = (
				F6E2AA562AB625A900FF95F5 /* Sources */,
				F6E2AA572AB625A900FF95F5 /* Frameworks */,
				F6E2AA582AB625A900FF95F5 /* Resources */,
			);
			buildRules = (
			);
			dependencies = (
			);
			name = GIFMailSixExtension;
			productName = GIFMailSixExtension;
			productReference = F6E2AA5A2AB625A900FF95F5 /* GIFMailSixExtension.appex */;
			productType = "com.apple.product-type.app-extension";
		};
/* End PBXNativeTarget section */

/* Begin PBXProject section */
		F6E2AA292AB624C800FF95F5 /* Project object */ = {
			isa = PBXProject;
			attributes = {
				BuildIndependentTargetsInParallel = 1;
				LastSwiftUpdateCheck = 1430;
				LastUpgradeCheck = 1430;
				TargetAttributes = {
					F6E2AA302AB624C800FF95F5 = {
						CreatedOnToolsVersion = 14.3.1;
					};
					F6E2AA592AB625A900FF95F5 = {
						CreatedOnToolsVersion = 14.3.1;
					};
				};
			};
			buildConfigurationList = F6E2AA2C2AB624C800FF95F5 /* Build configuration list for PBXProject "GIFMailSix" */;
			compatibilityVersion = "Xcode 15.0";
			developmentRegion = en;
			hasScannedForEncodings = 0;
			knownRegions = (
				en,
				Base,
			);
			mainGroup = F6E2AA282AB624C800FF95F5;
			productRefGroup = F6E2AA322AB624C800FF95F5 /* Products */;
			projectDirPath = "";
			projectRoot = "";
			targets = (
				F6E2AA302AB624C800FF95F5 /* GIFMailSix */,
				F6E2AA592AB625A900FF95F5 /* GIFMailSixExtension */,
			);
		};
/* End PBXProject section */

/* Begin PBXResourcesBuildPhase section */
		F6E2AA2F2AB624C800FF95F5 /* Resources */ = {
			isa = PBXResourcesBuildPhase;
			buildActionMask = 2147483647;
			files = (
				F6E2AA3C2AB624C900FF95F5 /* Preview Assets.xcassets in Resources */,
				F6E2AA392AB624C900FF95F5 /* Assets.xcassets in Resources */,
			);
			runOnlyForDeploymentPostprocessing = 0;
		};
		F6E2AA582AB625A900FF95F5 /* Resources */ = {
			isa = PBXResourcesBuildPhase;
			buildActionMask = 2147483647;
			files = (
				F6E2AA632AB625A900FF95F5 /* ComposeSessionViewController.xib in Resources */,
				F611EF942AB74BB50061496D /* Media.xcassets in Resources */,
				F611EF8E2AB701B70061496D /* YourGifCollectionViewItem.xib in Resources */,
			);
			runOnlyForDeploymentPostprocessing = 0;
		};
/* End PBXResourcesBuildPhase section */

/* Begin PBXSourcesBuildPhase section */
		F6E2AA2D2AB624C800FF95F5 /* Sources */ = {
			isa = PBXSourcesBuildPhase;
			buildActionMask = 2147483647;
			files = (
				F6E2AA372AB624C800FF95F5 /* ContentView.swift in Sources */,
				F6E2AA352AB624C800FF95F5 /* GIFMailSixApp.swift in Sources */,
			);
			runOnlyForDeploymentPostprocessing = 0;
		};
		F6E2AA562AB625A900FF95F5 /* Sources */ = {
			isa = PBXSourcesBuildPhase;
			buildActionMask = 2147483647;
			files = (
				F6E2AA6F2AB6275900FF95F5 /* YourGifCollectionViewItem.swift in Sources */,
				F6E2AA5F2AB625A900FF95F5 /* ComposeSessionHandler.swift in Sources */,
				F6E2AA612AB625A900FF95F5 /* ComposeSessionViewController.swift in Sources */,
				F6E2AA5D2AB625A900FF95F5 /* MailExtension.swift in Sources */,
				F6E2AA6D2AB626FF00FF95F5 /* APIClient.swift in Sources */,
			);
			runOnlyForDeploymentPostprocessing = 0;
		};
/* End PBXSourcesBuildPhase section */

/* Begin PBXTargetDependency section */
		F6E2AA672AB625A900FF95F5 /* PBXTargetDependency */ = {
			isa = PBXTargetDependency;
			target = F6E2AA592AB625A900FF95F5 /* GIFMailSixExtension */;
			targetProxy = F6E2AA662AB625A900FF95F5 /* PBXContainerItemProxy */;
		};
/* End PBXTargetDependency section */

/* Begin XCBuildConfiguration section */
		F6E2AA3E2AB624C900FF95F5 /* Debug */ = {
			isa = XCBuildConfiguration;
			buildSettings = {
				ALWAYS_SEARCH_USER_PATHS = NO;
				CLANG_ANALYZER_NONNULL = YES;
				CLANG_ANALYZER_NUMBER_OBJECT_CONVERSION = YES_AGGRESSIVE;
				CLANG_CXX_LANGUAGE_STANDARD = "gnu++20";
				CLANG_ENABLE_MODULES = YES;
				CLANG_ENABLE_OBJC_ARC = YES;
				CLANG_ENABLE_OBJC_WEAK = YES;
				CLANG_WARN_BLOCK_CAPTURE_AUTORELEASING = YES;
				CLANG_WARN_BOOL_CONVERSION = YES;
				CLANG_WARN_COMMA = YES;
				CLANG_WARN_CONSTANT_CONVERSION = YES;
				CLANG_WARN_DEPRECATED_OBJC_IMPLEMENTATIONS = YES;
				CLANG_WARN_DIRECT_OBJC_ISA_USAGE = YES_ERROR;
				CLANG_WARN_DOCUMENTATION_COMMENTS = YES;
				CLANG_WARN_EMPTY_BODY = YES;
				CLANG_WARN_ENUM_CONVERSION = YES;
				CLANG_WARN_INFINITE_RECURSION = YES;
				CLANG_WARN_INT_CONVERSION = YES;
				CLANG_WARN_NON_LITERAL_NULL_CONVERSION = YES;
				CLANG_WARN_OBJC_IMPLICIT_RETAIN_SELF = YES;
				CLANG_WARN_OBJC_LITERAL_CONVERSION = YES;
				CLANG_WARN_OBJC_ROOT_CLASS = YES_ERROR;
				CLANG_WARN_QUOTED_INCLUDE_IN_FRAMEWORK_HEADER = YES;
				CLANG_WARN_RANGE_LOOP_ANALYSIS = YES;
				CLANG_WARN_STRICT_PROTOTYPES = YES;
				CLANG_WARN_SUSPICIOUS_MOVE = YES;
				CLANG_WARN_UNGUARDED_AVAILABILITY = YES_AGGRESSIVE;
				CLANG_WARN_UNREACHABLE_CODE = YES;
				CLANG_WARN__DUPLICATE_METHOD_MATCH = YES;
				COPY_PHASE_STRIP = NO;
				DEBUG_INFORMATION_FORMAT = dwarf;
				ENABLE_STRICT_OBJC_MSGSEND = YES;
				ENABLE_TESTABILITY = YES;
				GCC_C_LANGUAGE_STANDARD = gnu11;
				GCC_DYNAMIC_NO_PIC = NO;
				GCC_NO_COMMON_BLOCKS = YES;
				GCC_OPTIMIZATION_LEVEL = 0;
				GCC_PREPROCESSOR_DEFINITIONS = (
					"DEBUG=1",
					"$(inherited)",
				);
				GCC_WARN_64_TO_32_BIT_CONVERSION = YES;
				GCC_WARN_ABOUT_RETURN_TYPE = YES_ERROR;
				GCC_WARN_UNDECLARED_SELECTOR = YES;
				GCC_WARN_UNINITIALIZED_AUTOS = YES_AGGRESSIVE;
				GCC_WARN_UNUSED_FUNCTION = YES;
				GCC_WARN_UNUSED_VARIABLE = YES;
				MACOSX_DEPLOYMENT_TARGET = 14.0;
				MTL_ENABLE_DEBUG_INFO = INCLUDE_SOURCE;
				MTL_FAST_MATH = YES;
				ONLY_ACTIVE_ARCH = YES;
				SDKROOT = macosx;
				SWIFT_ACTIVE_COMPILATION_CONDITIONS = DEBUG;
				SWIFT_OPTIMIZATION_LEVEL = "-Onone";
			};
			name = Debug;
		};
		F6E2AA3F2AB624C900FF95F5 /* Release */ = {
			isa = XCBuildConfiguration;
			buildSettings = {
				ALWAYS_SEARCH_USER_PATHS = NO;
				CLANG_ANALYZER_NONNULL = YES;
				CLANG_ANALYZER_NUMBER_OBJECT_CONVERSION = YES_AGGRESSIVE;
				CLANG_CXX_LANGUAGE_STANDARD = "gnu++20";
				CLANG_ENABLE_MODULES = YES;
				CLANG_ENABLE_OBJC_ARC = YES;
				CLANG_ENABLE_OBJC_WEAK = YES;
				CLANG_WARN_BLOCK_CAPTURE_AUTORELEASING = YES;
				CLANG_WARN_BOOL_CONVERSION = YES;
				CLANG_WARN_COMMA = YES;
				CLANG_WARN_CONSTANT_CONVERSION = YES;
				CLANG_WARN_DEPRECATED_OBJC_IMPLEMENTATIONS = YES;
				CLANG_WARN_DIRECT_OBJC_ISA_USAGE = YES_ERROR;
				CLANG_WARN_DOCUMENTATION_COMMENTS = YES;
				CLANG_WARN_EMPTY_BODY = YES;
				CLANG_WARN_ENUM_CONVERSION = YES;
				CLANG_WARN_INFINITE_RECURSION = YES;
				CLANG_WARN_INT_CONVERSION = YES;
				CLANG_WARN_NON_LITERAL_NULL_CONVERSION = YES;
				CLANG_WARN_OBJC_IMPLICIT_RETAIN_SELF = YES;
				CLANG_WARN_OBJC_LITERAL_CONVERSION = YES;
				CLANG_WARN_OBJC_ROOT_CLASS = YES_ERROR;
				CLANG_WARN_QUOTED_INCLUDE_IN_FRAMEWORK_HEADER = YES;
				CLANG_WARN_RANGE_LOOP_ANALYSIS = YES;
				CLANG_WARN_STRICT_PROTOTYPES = YES;
				CLANG_WARN_SUSPICIOUS_MOVE = YES;
				CLANG_WARN_UNGUARDED_AVAILABILITY = YES_AGGRESSIVE;
				CLANG_WARN_UNREACHABLE_CODE = YES;
				CLANG_WARN__DUPLICATE_METHOD_MATCH = YES;
				COPY_PHASE_STRIP = NO;
				DEBUG_INFORMATION_FORMAT = "dwarf-with-dsym";
				ENABLE_NS_ASSERTIONS = NO;
				ENABLE_STRICT_OBJC_MSGSEND = YES;
				GCC_C_LANGUAGE_STANDARD = gnu11;
				GCC_NO_COMMON_BLOCKS = YES;
				GCC_WARN_64_TO_32_BIT_CONVERSION = YES;
				GCC_WARN_ABOUT_RETURN_TYPE = YES_ERROR;
				GCC_WARN_UNDECLARED_SELECTOR = YES;
				GCC_WARN_UNINITIALIZED_AUTOS = YES_AGGRESSIVE;
				GCC_WARN_UNUSED_FUNCTION = YES;
				GCC_WARN_UNUSED_VARIABLE = YES;
				MACOSX_DEPLOYMENT_TARGET = 14.0;
				MTL_ENABLE_DEBUG_INFO = NO;
				MTL_FAST_MATH = YES;
				SDKROOT = macosx;
				SWIFT_COMPILATION_MODE = wholemodule;
				SWIFT_OPTIMIZATION_LEVEL = "-O";
			};
			name = Release;
		};
		F6E2AA412AB624C900FF95F5 /* Debug */ = {
			isa = XCBuildConfiguration;
			buildSettings = {
				ALWAYS_EMBED_SWIFT_STANDARD_LIBRARIES = YES;
				ASSETCATALOG_COMPILER_APPICON_NAME = AppIcon;
				ASSETCATALOG_COMPILER_GLOBAL_ACCENT_COLOR_NAME = AccentColor;
				CODE_SIGN_ENTITLEMENTS = GIFMailSix/GIFMailSix.entitlements;
				CODE_SIGN_STYLE = Automatic;
				COMBINE_HIDPI_IMAGES = YES;
				CURRENT_PROJECT_VERSION = 1;
				DEVELOPMENT_ASSET_PATHS = "\"GIFMailSix/Preview Content\"";
				ENABLE_PREVIEWS = YES;
				GENERATE_INFOPLIST_FILE = YES;
				INFOPLIST_KEY_NSHumanReadableCopyright = "";
				LD_RUNPATH_SEARCH_PATHS = (
					"$(inherited)",
					"@executable_path/../Frameworks",
				);
				MARKETING_VERSION = 1.1;
				PRODUCT_BUNDLE_IDENTIFIER = marctuinier.GIFMailSix;
				PRODUCT_NAME = "$(TARGET_NAME)";
				SWIFT_EMIT_LOC_STRINGS = YES;
				SWIFT_VERSION = 5.0;
			};
			name = Debug;
		};
		F6E2AA422AB624C900FF95F5 /* Release */ = {
			isa = XCBuildConfiguration;
			buildSettings = {
				ALWAYS_EMBED_SWIFT_STANDARD_LIBRARIES = YES;
				ASSETCATALOG_COMPILER_APPICON_NAME = AppIcon;
				ASSETCATALOG_COMPILER_GLOBAL_ACCENT_COLOR_NAME = AccentColor;
				CODE_SIGN_ENTITLEMENTS = GIFMailSix/GIFMailSix.entitlements;
				CODE_SIGN_STYLE = Automatic;
				COMBINE_HIDPI_IMAGES = YES;
				CURRENT_PROJECT_VERSION = 1;
				DEVELOPMENT_ASSET_PATHS = "\"GIFMailSix/Preview Content\"";
				ENABLE_PREVIEWS = YES;
				GENERATE_INFOPLIST_FILE = YES;
				INFOPLIST_KEY_NSHumanReadableCopyright = "";
				LD_RUNPATH_SEARCH_PATHS = (
					"$(inherited)",
					"@executable_path/../Frameworks",
				);
				MARKETING_VERSION = 1.1;
				PRODUCT_BUNDLE_IDENTIFIER = marctuinier.GIFMailSix;
				PRODUCT_NAME = "$(TARGET_NAME)";
				SWIFT_EMIT_LOC_STRINGS = YES;
				SWIFT_VERSION = 5.0;
			};
			name = Release;
		};
		F6E2AA6A2AB625A900FF95F5 /* Debug */ = {
			isa = XCBuildConfiguration;
			buildSettings = {
				CODE_SIGN_ENTITLEMENTS = GIFMailSixExtension/GIFMailSixExtension.entitlements;
				CODE_SIGN_STYLE = Automatic;
				COMBINE_HIDPI_IMAGES = YES;
				CURRENT_PROJECT_VERSION = 1;
				ENABLE_HARDENED_RUNTIME = YES;
				GENERATE_INFOPLIST_FILE = YES;
				INFOPLIST_FILE = GIFMailSixExtension/Info.plist;
				INFOPLIST_KEY_CFBundleDisplayName = GIFMailSixExtension;
				INFOPLIST_KEY_NSHumanReadableCopyright = "";
				LD_RUNPATH_SEARCH_PATHS = (
					"$(inherited)",
					"@executable_path/../Frameworks",
					"@executable_path/../../../../Frameworks",
				);
				MACOSX_DEPLOYMENT_TARGET = 14.0;
				MARKETING_VERSION = 1.1;
				PRODUCT_BUNDLE_IDENTIFIER = marctuinier.GIFMailSix.GIFMailSixExtension;
				PRODUCT_NAME = "$(TARGET_NAME)";
				SKIP_INSTALL = YES;
				SWIFT_EMIT_LOC_STRINGS = YES;
				SWIFT_VERSION = 5.0;
			};
			name = Debug;
		};
		F6E2AA6B2AB625A900FF95F5 /* Release */ = {
			isa = XCBuildConfiguration;
			buildSettings = {
				CODE_SIGN_ENTITLEMENTS = GIFMailSixExtension/GIFMailSixExtension.entitlements;
				CODE_SIGN_STYLE = Automatic;
				COMBINE_HIDPI_IMAGES = YES;
				CURRENT_PROJECT_VERSION = 1;
				ENABLE_HARDENED_RUNTIME = YES;
				GENERATE_INFOPLIST_FILE = YES;
				INFOPLIST_FILE = GIFMailSixExtension/Info.plist;
				INFOPLIST_KEY_CFBundleDisplayName = GIFMailSixExtension;
				INFOPLIST_KEY_NSHumanReadableCopyright = "";
				LD_RUNPATH_SEARCH_PATHS = (
					"$(inherited)",
					"@executable_path/../Frameworks",
					"@executable_path/../../../../Frameworks",
				);
				MACOSX_DEPLOYMENT_TARGET = 14.0;
				MARKETING_VERSION = 1.1;
				PRODUCT_BUNDLE_IDENTIFIER = marctuinier.GIFMailSix.GIFMailSixExtension;
				PRODUCT_NAME = "$(TARGET_NAME)";
				SKIP_INSTALL = YES;
				SWIFT_EMIT_LOC_STRINGS = YES;
				SWIFT_VERSION = 5.0;
			};
			name = Release;
		};
/* End XCBuildConfiguration section */

/* Begin XCConfigurationList section */
		F6E2AA2C2AB624C800FF95F5 /* Build configuration list for PBXProject "GIFMailSix" */ = {
			isa = XCConfigurationList;
			buildConfigurations = (
				F6E2AA3E2AB624C900FF95F5 /* Debug */,
				F6E2AA3F2AB624C900FF95F5 /* Release */,
			);
			defaultConfigurationIsVisible = 0;
			defaultConfigurationName = Release;
		};
		F6E2AA402AB624C900FF95F5 /* Build configuration list for PBXNativeTarget "GIFMailSix" */ = {
			isa = XCConfigurationList;
			buildConfigurations = (
				F6E2AA412AB624C900FF95F5 /* Debug */,
				F6E2AA422AB624C900FF95F5 /* Release */,
			);
			defaultConfigurationIsVisible = 0;
			defaultConfigurationName = Release;
		};
		F6E2AA692AB625A900FF95F5 /* Build configuration list for PBXNativeTarget "GIFMailSixExtension" */ = {
			isa = XCConfigurationList;
			buildConfigurations = (
				F6E2AA6A2AB625A900FF95F5 /* Debug */,
				F6E2AA6B2AB625A900FF95F5 /* Release */,
			);
			defaultConfigurationIsVisible = 0;
			defaultConfigurationName = Release;
		};
/* End XCConfigurationList section */
	};
	rootObject = F6E2AA292AB624C800FF95F5 /* Project object */;
}
